
Microsoft Visual Studio Solution File, Format Version 12.00
# Visual Studio Version 17
VisualStudioVersion = 17.5.33627.172
MinimumVisualStudioVersion = 10.0.40219.1
Project("{9A19103F-16F7-4668-BE54-9A1E7A4F7556}") = "ElectricStore", "ElectricStore\ElectricStore.csproj", "{B13D8545-5207-412B-8DD9-C9B76479D51B}"
EndProject
Project("{9A19103F-16F7-4668-BE54-9A1E7A4F7556}") = "Services", "Services\Services.csproj", "{9EA0537F-66F9-4223-A9BF-32A6210C6EDC}"
EndProject
Global
	GlobalSection(SolutionConfigurationPlatforms) = preSolution
		Debug|Any CPU = Debug|Any CPU
		Release|Any CPU = Release|Any CPU
	EndGlobalSection
	GlobalSection(ProjectConfigurationPlatforms) = postSolution
		{B13D8545-5207-412B-8DD9-C9B76479D51B}.Debug|Any CPU.ActiveCfg = Debug|Any CPU
		{B13D8545-5207-412B-8DD9-C9B76479D51B}.Debug|Any CPU.Build.0 = Debug|Any CPU
		{B13D8545-5207-412B-8DD9-C9B76479D51B}.Release|Any CPU.ActiveCfg = Release|Any CPU
		{B13D8545-5207-412B-8DD9-C9B76479D51B}.Release|Any CPU.Build.0 = Release|Any CPU
		{9EA0537F-66F9-4223-A9BF-32A6210C6EDC}.Debug|Any CPU.ActiveCfg = Debug|Any CPU
		{9EA0537F-66F9-4223-A9BF-32A6210C6EDC}.Debug|Any CPU.Build.0 = Debug|Any CPU
		{9EA0537F-66F9-4223-A9BF-32A6210C6EDC}.Release|Any CPU.ActiveCfg = Release|Any CPU
		{9EA0537F-66F9-4223-A9BF-32A6210C6EDC}.Release|Any CPU.Build.0 = Release|Any CPU
	EndGlobalSection
	GlobalSection(SolutionProperties) = preSolution
		HideSolutionNode = FALSE
	EndGlobalSection
	GlobalSection(ExtensibilityGlobals) = postSolution
		SolutionGuid = {B252E899-35B7-48BB-B0B6-669DBD93D327}
	EndGlobalSection
EndGlobal
